
Microsoft Visual Studio Solution File, Format Version 12.00
# Visual Studio Version 16
VisualStudioVersion = 16.0.31410.357
MinimumVisualStudioVersion = 10.0.40219.1
Project("{9A19103F-16F7-4668-BE54-9A1E7A4F7556}") = "Ableton Project Browser", "Ableton Project Browser\Ableton Project Browser.csproj", "{7E5F2027-B8B9-48E5-B433-FB1650827E36}"
EndProject
Global
	GlobalSection(SolutionConfigurationPlatforms) = preSolution
		Debug|Any CPU = Debug|Any CPU
		Release|Any CPU = Release|Any CPU
	EndGlobalSection
	GlobalSection(ProjectConfigurationPlatforms) = postSolution
		{7E5F2027-B8B9-48E5-B433-FB1650827E36}.Debug|Any CPU.ActiveCfg = Debug|Any CPU
		{7E5F2027-B8B9-48E5-B433-FB1650827E36}.Debug|Any CPU.Build.0 = Debug|Any CPU
		{7E5F2027-B8B9-48E5-B433-FB1650827E36}.Release|Any CPU.ActiveCfg = Release|Any CPU
		{7E5F2027-B8B9-48E5-B433-FB1650827E36}.Release|Any CPU.Build.0 = Release|Any CPU
	EndGlobalSection
	GlobalSection(SolutionProperties) = preSolution
		HideSolutionNode = FALSE
	EndGlobalSection
	GlobalSection(ExtensibilityGlobals) = postSolution
		SolutionGuid = {3AA0AFCC-9EC9-4B52-BB2D-7DD16D530D05}
	EndGlobalSection
EndGlobal
